
Microsoft Visual Studio Solution File, Format Version 12.00
# Visual Studio Version 16
VisualStudioVersion = 16.0.31205.134
MinimumVisualStudioVersion = 10.0.40219.1
Project("{FAE04EC0-301F-11D3-BF4B-00C04F79EFBC}") = "ConvertRGBApp", "ConvertRGBApp.csproj", "{3554B9A6-C683-4CEE-9074-EB1CC45D8F9F}"
EndProject
Global
	GlobalSection(SolutionConfigurationPlatforms) = preSolution
		Debug|Any CPU = Debug|Any CPU
		Release|Any CPU = Release|Any CPU
	EndGlobalSection
	GlobalSection(ProjectConfigurationPlatforms) = postSolution
		{3554B9A6-C683-4CEE-9074-EB1CC45D8F9F}.Debug|Any CPU.ActiveCfg = Debug|Any CPU
		{3554B9A6-C683-4CEE-9074-EB1CC45D8F9F}.Debug|Any CPU.Build.0 = Debug|Any CPU
		{3554B9A6-C683-4CEE-9074-EB1CC45D8F9F}.Release|Any CPU.ActiveCfg = Release|Any CPU
		{3554B9A6-C683-4CEE-9074-EB1CC45D8F9F}.Release|Any CPU.Build.0 = Release|Any CPU
	EndGlobalSection
	GlobalSection(SolutionProperties) = preSolution
		HideSolutionNode = FALSE
	EndGlobalSection
	GlobalSection(ExtensibilityGlobals) = postSolution
		SolutionGuid = {BDFB10A7-00B2-45B9-9A0F-0E8CC730FBC2}
	EndGlobalSection
EndGlobal
